
Microsoft Visual Studio Solution File, Format Version 12.00
# Visual Studio Version 17
VisualStudioVersion = 17.11.35219.272
MinimumVisualStudioVersion = 10.0.40219.1
Project("{8BC9CEB8-8B4A-11D0-8D11-00A0C91BC942}") = "BudgetTracker", "BudgetTracker\BudgetTracker.vcxproj", "{942EEAC2-E073-46E9-97E0-EE5DE5D49077}"
EndProject
Global
	GlobalSection(SolutionConfigurationPlatforms) = preSolution
		Debug|x64 = Debug|x64
		Release|x64 = Release|x64
	EndGlobalSection
	GlobalSection(ProjectConfigurationPlatforms) = postSolution
		{942EEAC2-E073-46E9-97E0-EE5DE5D49077}.Debug|x64.ActiveCfg = Debug|x64
		{942EEAC2-E073-46E9-97E0-EE5DE5D49077}.Debug|x64.Build.0 = Debug|x64
		{942EEAC2-E073-46E9-97E0-EE5DE5D49077}.Release|x64.ActiveCfg = Release|x64
		{942EEAC2-E073-46E9-97E0-EE5DE5D49077}.Release|x64.Build.0 = Release|x64
	EndGlobalSection
	GlobalSection(SolutionProperties) = preSolution
		HideSolutionNode = FALSE
	EndGlobalSection
	GlobalSection(ExtensibilityGlobals) = postSolution
		SolutionGuid = {AD3FCF64-0FD3-4AC4-9502-43A8F54E7805}
	EndGlobalSection
EndGlobal
